
Microsoft Visual Studio Solution File, Format Version 12.00
# Visual Studio Version 16
VisualStudioVersion = 16.0.30406.217
MinimumVisualStudioVersion = 10.0.40219.1
Project("{F184B08F-C81C-45F6-A57F-5ABD9991F28F}") = "nearest repetative value", "nearest repetative value.vbproj", "{2F0DE51E-B727-4D7D-9066-BCDDB1B06793}"
EndProject
Global
	GlobalSection(SolutionConfigurationPlatforms) = preSolution
		Debug|Any CPU = Debug|Any CPU
		Release|Any CPU = Release|Any CPU
	EndGlobalSection
	GlobalSection(ProjectConfigurationPlatforms) = postSolution
		{2F0DE51E-B727-4D7D-9066-BCDDB1B06793}.Debug|Any CPU.ActiveCfg = Debug|Any CPU
		{2F0DE51E-B727-4D7D-9066-BCDDB1B06793}.Debug|Any CPU.Build.0 = Debug|Any CPU
		{2F0DE51E-B727-4D7D-9066-BCDDB1B06793}.Release|Any CPU.ActiveCfg = Release|Any CPU
		{2F0DE51E-B727-4D7D-9066-BCDDB1B06793}.Release|Any CPU.Build.0 = Release|Any CPU
	EndGlobalSection
	GlobalSection(SolutionProperties) = preSolution
		HideSolutionNode = FALSE
	EndGlobalSection
	GlobalSection(ExtensibilityGlobals) = postSolution
		SolutionGuid = {B9929A12-5A60-4B20-AD6D-3EF458AB914F}
	EndGlobalSection
EndGlobal
